
Microsoft Visual Studio Solution File, Format Version 12.00
# Visual Studio 15
VisualStudioVersion = 15.0.28307.489
MinimumVisualStudioVersion = 10.0.40219.1
Project("{FAE04EC0-301F-11D3-BF4B-00C04F79EFBC}") = "ChatApp-Api", "ChatApp-Api\ChatApp-Api.csproj", "{561ECA75-E02B-4B0D-BFD4-332264AF6C2E}"
EndProject
Global
	GlobalSection(SolutionConfigurationPlatforms) = preSolution
		Debug|Any CPU = Debug|Any CPU
		Release|Any CPU = Release|Any CPU
	EndGlobalSection
	GlobalSection(ProjectConfigurationPlatforms) = postSolution
		{561ECA75-E02B-4B0D-BFD4-332264AF6C2E}.Debug|Any CPU.ActiveCfg = Debug|Any CPU
		{561ECA75-E02B-4B0D-BFD4-332264AF6C2E}.Debug|Any CPU.Build.0 = Debug|Any CPU
		{561ECA75-E02B-4B0D-BFD4-332264AF6C2E}.Release|Any CPU.ActiveCfg = Release|Any CPU
		{561ECA75-E02B-4B0D-BFD4-332264AF6C2E}.Release|Any CPU.Build.0 = Release|Any CPU
	EndGlobalSection
	GlobalSection(SolutionProperties) = preSolution
		HideSolutionNode = FALSE
	EndGlobalSection
	GlobalSection(ExtensibilityGlobals) = postSolution
		SolutionGuid = {A72BBEC7-7EF2-41E9-8AB0-0770EE41EF7F}
	EndGlobalSection
EndGlobal
